
Microsoft Visual Studio Solution File, Format Version 12.00
# Visual Studio Version 17
VisualStudioVersion = 17.13.35825.156
MinimumVisualStudioVersion = 10.0.40219.1
Project("{2150E333-8FDC-42A3-9474-1A3956D46DE8}") = "Management", "Management", "{36D591C7-65C7-A0D1-1CBC-10CDE441BDC8}"
EndProject
Project("{2150E333-8FDC-42A3-9474-1A3956D46DE8}") = "AccessControl", "AccessControl", "{AE372714-182A-4168-BD00-D44FE6B854C8}"
EndProject
Project("{2150E333-8FDC-42A3-9474-1A3956D46DE8}") = "Notifications", "Notifications", "{5BEDBF57-929C-4B3A-B277-FEA5C3674D43}"
EndProject
Project("{2150E333-8FDC-42A3-9474-1A3956D46DE8}") = "src", "src", "{2A42A5F4-AFC8-4BE6-A516-9628DC4B018C}"
EndProject
Project("{2150E333-8FDC-42A3-9474-1A3956D46DE8}") = "src", "src", "{0FDA52EB-CA35-4854-9ABE-C1E8311DC95E}"
EndProject
Project("{2150E333-8FDC-42A3-9474-1A3956D46DE8}") = "src", "src", "{28189F1D-A45A-4BF9-B81F-CB0FA38FAA53}"
EndProject
Project("{2150E333-8FDC-42A3-9474-1A3956D46DE8}") = "tests", "tests", "{248D2855-D7AC-4AAC-943B-6C488428E999}"
EndProject
Project("{2150E333-8FDC-42A3-9474-1A3956D46DE8}") = "tests", "tests", "{BCDE3AC5-B79C-4BC0-8795-324A096322F4}"
EndProject
Project("{2150E333-8FDC-42A3-9474-1A3956D46DE8}") = "tests", "tests", "{21B42F6C-1CA3-4D02-8002-F753FEBC820F}"
EndProject
Project("{FAE04EC0-301F-11D3-BF4B-00C04F79EFBC}") = "AccessControl.WebUI", "AccessControl\src\AccessControl.WebUI\AccessControl.WebUI.csproj", "{11C8E7CD-EB00-4CCF-8C5F-09EBF6EB2BBD}"
EndProject
Project("{FAE04EC0-301F-11D3-BF4B-00C04F79EFBC}") = "AccessControl.Application", "AccessControl\src\AccessControl.Application\AccessControl.Application.csproj", "{37EEB70F-C775-4B09-BF66-EF31C369013C}"
EndProject
Project("{FAE04EC0-301F-11D3-BF4B-00C04F79EFBC}") = "AccessControl.Domain", "AccessControl\src\AccessControl.Domain\AccessControl.Domain.csproj", "{9D051846-F12C-4D90-9D76-F28AB8FE6AE6}"
EndProject
Project("{FAE04EC0-301F-11D3-BF4B-00C04F79EFBC}") = "AccessControl.Infrastructure", "AccessControl\src\AccessControl.Infrastructure\AccessControl.Infrastructure.csproj", "{DF241211-E271-41A2-AB21-5EBD3F82E3FC}"
EndProject
Project("{FAE04EC0-301F-11D3-BF4B-00C04F79EFBC}") = "Management.WebUI", "Management\src\Management.WebUI\Management.WebUI.csproj", "{E66AE267-6A27-48A6-89C4-F552132B3C0A}"
EndProject
Project("{FAE04EC0-301F-11D3-BF4B-00C04F79EFBC}") = "AccessControl.Application.Tests", "AccessControl\tests\AccessControl.Application.Tests\AccessControl.Application.Tests.csproj", "{F6F5CA98-B696-463C-8129-42C8706A3AE1}"
EndProject
Project("{FAE04EC0-301F-11D3-BF4B-00C04F79EFBC}") = "Management.Application", "Management\src\Management.Application\Management.Application.csproj", "{02EFF20D-CCF6-4E7F-96F6-3F58E9D5B2C6}"
EndProject
Project("{FAE04EC0-301F-11D3-BF4B-00C04F79EFBC}") = "Management.Domain", "Management\src\Management.Domain\Management.Domain.csproj", "{9C69F911-08D8-4B10-8731-4DEC9ADA045C}"
EndProject
Project("{FAE04EC0-301F-11D3-BF4B-00C04F79EFBC}") = "Management.Infrastructure", "Management\src\Management.Infrastructure\Management.Infrastructure.csproj", "{3365DC57-AC2A-4148-ACF6-1382E5CC5DAC}"
EndProject
Project("{FAE04EC0-301F-11D3-BF4B-00C04F79EFBC}") = "Management.Application.Tests", "Management\tests\Management.Application.Tests\Management.Application.Tests.csproj", "{58F7CE66-F0F6-4645-93D6-F96A5AC6E7C9}"
EndProject
Project("{FAE04EC0-301F-11D3-BF4B-00C04F79EFBC}") = "Notifications.Application.Tests", "Notifications\tests\Notifications.Application.Tests\Notifications.Application.Tests.csproj", "{9A6EEAC0-24B9-45FB-9DAB-EAE5B07FD39D}"
EndProject
Project("{FAE04EC0-301F-11D3-BF4B-00C04F79EFBC}") = "Notifications.WebUI", "Notifications\src\Notifications.WebUI\Notifications.WebUI.csproj", "{4B295FB9-7475-423F-BF35-0B0E3975F23D}"
EndProject
Project("{FAE04EC0-301F-11D3-BF4B-00C04F79EFBC}") = "Notifications.Application", "Notifications\src\Notifications.Application\Notifications.Application.csproj", "{589B311F-E241-44D6-9EA1-9D112C9E42DA}"
EndProject
Project("{FAE04EC0-301F-11D3-BF4B-00C04F79EFBC}") = "Notifications.Domain", "Notifications\src\Notifications.Domain\Notifications.Domain.csproj", "{BBBFF43F-5C2A-47E2-9691-9863028A22A7}"
EndProject
Project("{FAE04EC0-301F-11D3-BF4B-00C04F79EFBC}") = "Notifications.Infrastructure", "Notifications\src\Notifications.Infrastructure\Notifications.Infrastructure.csproj", "{86ED5C58-56DF-41E2-B92F-A0B0BCA8BEA8}"
EndProject
Global
	GlobalSection(SolutionConfigurationPlatforms) = preSolution
		Debug|Any CPU = Debug|Any CPU
		Release|Any CPU = Release|Any CPU
	EndGlobalSection
	GlobalSection(ProjectConfigurationPlatforms) = postSolution
		{11C8E7CD-EB00-4CCF-8C5F-09EBF6EB2BBD}.Debug|Any CPU.ActiveCfg = Debug|Any CPU
		{11C8E7CD-EB00-4CCF-8C5F-09EBF6EB2BBD}.Debug|Any CPU.Build.0 = Debug|Any CPU
		{11C8E7CD-EB00-4CCF-8C5F-09EBF6EB2BBD}.Release|Any CPU.ActiveCfg = Release|Any CPU
		{11C8E7CD-EB00-4CCF-8C5F-09EBF6EB2BBD}.Release|Any CPU.Build.0 = Release|Any CPU
		{37EEB70F-C775-4B09-BF66-EF31C369013C}.Debug|Any CPU.ActiveCfg = Debug|Any CPU
		{37EEB70F-C775-4B09-BF66-EF31C369013C}.Debug|Any CPU.Build.0 = Debug|Any CPU
		{37EEB70F-C775-4B09-BF66-EF31C369013C}.Release|Any CPU.ActiveCfg = Release|Any CPU
		{37EEB70F-C775-4B09-BF66-EF31C369013C}.Release|Any CPU.Build.0 = Release|Any CPU
		{9D051846-F12C-4D90-9D76-F28AB8FE6AE6}.Debug|Any CPU.ActiveCfg = Debug|Any CPU
		{9D051846-F12C-4D90-9D76-F28AB8FE6AE6}.Debug|Any CPU.Build.0 = Debug|Any CPU
		{9D051846-F12C-4D90-9D76-F28AB8FE6AE6}.Release|Any CPU.ActiveCfg = Release|Any CPU
		{9D051846-F12C-4D90-9D76-F28AB8FE6AE6}.Release|Any CPU.Build.0 = Release|Any CPU
		{DF241211-E271-41A2-AB21-5EBD3F82E3FC}.Debug|Any CPU.ActiveCfg = Debug|Any CPU
		{DF241211-E271-41A2-AB21-5EBD3F82E3FC}.Debug|Any CPU.Build.0 = Debug|Any CPU
		{DF241211-E271-41A2-AB21-5EBD3F82E3FC}.Release|Any CPU.ActiveCfg = Release|Any CPU
		{DF241211-E271-41A2-AB21-5EBD3F82E3FC}.Release|Any CPU.Build.0 = Release|Any CPU
		{E66AE267-6A27-48A6-89C4-F552132B3C0A}.Debug|Any CPU.ActiveCfg = Debug|Any CPU
		{E66AE267-6A27-48A6-89C4-F552132B3C0A}.Debug|Any CPU.Build.0 = Debug|Any CPU
		{E66AE267-6A27-48A6-89C4-F552132B3C0A}.Release|Any CPU.ActiveCfg = Release|Any CPU
		{E66AE267-6A27-48A6-89C4-F552132B3C0A}.Release|Any CPU.Build.0 = Release|Any CPU
		{F6F5CA98-B696-463C-8129-42C8706A3AE1}.Debug|Any CPU.ActiveCfg = Debug|Any CPU
		{F6F5CA98-B696-463C-8129-42C8706A3AE1}.Debug|Any CPU.Build.0 = Debug|Any CPU
		{F6F5CA98-B696-463C-8129-42C8706A3AE1}.Release|Any CPU.ActiveCfg = Release|Any CPU
		{F6F5CA98-B696-463C-8129-42C8706A3AE1}.Release|Any CPU.Build.0 = Release|Any CPU
		{02EFF20D-CCF6-4E7F-96F6-3F58E9D5B2C6}.Debug|Any CPU.ActiveCfg = Debug|Any CPU
		{02EFF20D-CCF6-4E7F-96F6-3F58E9D5B2C6}.Debug|Any CPU.Build.0 = Debug|Any CPU
		{02EFF20D-CCF6-4E7F-96F6-3F58E9D5B2C6}.Release|Any CPU.ActiveCfg = Release|Any CPU
		{02EFF20D-CCF6-4E7F-96F6-3F58E9D5B2C6}.Release|Any CPU.Build.0 = Release|Any CPU
		{9C69F911-08D8-4B10-8731-4DEC9ADA045C}.Debug|Any CPU.ActiveCfg = Debug|Any CPU
		{9C69F911-08D8-4B10-8731-4DEC9ADA045C}.Debug|Any CPU.Build.0 = Debug|Any CPU
		{9C69F911-08D8-4B10-8731-4DEC9ADA045C}.Release|Any CPU.ActiveCfg = Release|Any CPU
		{9C69F911-08D8-4B10-8731-4DEC9ADA045C}.Release|Any CPU.Build.0 = Release|Any CPU
		{3365DC57-AC2A-4148-ACF6-1382E5CC5DAC}.Debug|Any CPU.ActiveCfg = Debug|Any CPU
		{3365DC57-AC2A-4148-ACF6-1382E5CC5DAC}.Debug|Any CPU.Build.0 = Debug|Any CPU
		{3365DC57-AC2A-4148-ACF6-1382E5CC5DAC}.Release|Any CPU.ActiveCfg = Release|Any CPU
		{3365DC57-AC2A-4148-ACF6-1382E5CC5DAC}.Release|Any CPU.Build.0 = Release|Any CPU
		{58F7CE66-F0F6-4645-93D6-F96A5AC6E7C9}.Debug|Any CPU.ActiveCfg = Debug|Any CPU
		{58F7CE66-F0F6-4645-93D6-F96A5AC6E7C9}.Debug|Any CPU.Build.0 = Debug|Any CPU
		{58F7CE66-F0F6-4645-93D6-F96A5AC6E7C9}.Release|Any CPU.ActiveCfg = Release|Any CPU
		{58F7CE66-F0F6-4645-93D6-F96A5AC6E7C9}.Release|Any CPU.Build.0 = Release|Any CPU
		{9A6EEAC0-24B9-45FB-9DAB-EAE5B07FD39D}.Debug|Any CPU.ActiveCfg = Debug|Any CPU
		{9A6EEAC0-24B9-45FB-9DAB-EAE5B07FD39D}.Debug|Any CPU.Build.0 = Debug|Any CPU
		{9A6EEAC0-24B9-45FB-9DAB-EAE5B07FD39D}.Release|Any CPU.ActiveCfg = Release|Any CPU
		{9A6EEAC0-24B9-45FB-9DAB-EAE5B07FD39D}.Release|Any CPU.Build.0 = Release|Any CPU
		{4B295FB9-7475-423F-BF35-0B0E3975F23D}.Debug|Any CPU.ActiveCfg = Debug|Any CPU
		{4B295FB9-7475-423F-BF35-0B0E3975F23D}.Debug|Any CPU.Build.0 = Debug|Any CPU
		{4B295FB9-7475-423F-BF35-0B0E3975F23D}.Release|Any CPU.ActiveCfg = Release|Any CPU
		{4B295FB9-7475-423F-BF35-0B0E3975F23D}.Release|Any CPU.Build.0 = Release|Any CPU
		{589B311F-E241-44D6-9EA1-9D112C9E42DA}.Debug|Any CPU.ActiveCfg = Debug|Any CPU
		{589B311F-E241-44D6-9EA1-9D112C9E42DA}.Debug|Any CPU.Build.0 = Debug|Any CPU
		{589B311F-E241-44D6-9EA1-9D112C9E42DA}.Release|Any CPU.ActiveCfg = Release|Any CPU
		{589B311F-E241-44D6-9EA1-9D112C9E42DA}.Release|Any CPU.Build.0 = Release|Any CPU
		{BBBFF43F-5C2A-47E2-9691-9863028A22A7}.Debug|Any CPU.ActiveCfg = Debug|Any CPU
		{BBBFF43F-5C2A-47E2-9691-9863028A22A7}.Debug|Any CPU.Build.0 = Debug|Any CPU
		{BBBFF43F-5C2A-47E2-9691-9863028A22A7}.Release|Any CPU.ActiveCfg = Release|Any CPU
		{BBBFF43F-5C2A-47E2-9691-9863028A22A7}.Release|Any CPU.Build.0 = Release|Any CPU
		{86ED5C58-56DF-41E2-B92F-A0B0BCA8BEA8}.Debug|Any CPU.ActiveCfg = Debug|Any CPU
		{86ED5C58-56DF-41E2-B92F-A0B0BCA8BEA8}.Debug|Any CPU.Build.0 = Debug|Any CPU
		{86ED5C58-56DF-41E2-B92F-A0B0BCA8BEA8}.Release|Any CPU.ActiveCfg = Release|Any CPU
		{86ED5C58-56DF-41E2-B92F-A0B0BCA8BEA8}.Release|Any CPU.Build.0 = Release|Any CPU
	EndGlobalSection
	GlobalSection(SolutionProperties) = preSolution
		HideSolutionNode = FALSE
	EndGlobalSection
	GlobalSection(NestedProjects) = preSolution
		{2A42A5F4-AFC8-4BE6-A516-9628DC4B018C} = {AE372714-182A-4168-BD00-D44FE6B854C8}
		{0FDA52EB-CA35-4854-9ABE-C1E8311DC95E} = {36D591C7-65C7-A0D1-1CBC-10CDE441BDC8}
		{28189F1D-A45A-4BF9-B81F-CB0FA38FAA53} = {5BEDBF57-929C-4B3A-B277-FEA5C3674D43}
		{248D2855-D7AC-4AAC-943B-6C488428E999} = {AE372714-182A-4168-BD00-D44FE6B854C8}
		{BCDE3AC5-B79C-4BC0-8795-324A096322F4} = {36D591C7-65C7-A0D1-1CBC-10CDE441BDC8}
		{21B42F6C-1CA3-4D02-8002-F753FEBC820F} = {5BEDBF57-929C-4B3A-B277-FEA5C3674D43}
		{11C8E7CD-EB00-4CCF-8C5F-09EBF6EB2BBD} = {2A42A5F4-AFC8-4BE6-A516-9628DC4B018C}
		{37EEB70F-C775-4B09-BF66-EF31C369013C} = {2A42A5F4-AFC8-4BE6-A516-9628DC4B018C}
		{9D051846-F12C-4D90-9D76-F28AB8FE6AE6} = {2A42A5F4-AFC8-4BE6-A516-9628DC4B018C}
		{DF241211-E271-41A2-AB21-5EBD3F82E3FC} = {2A42A5F4-AFC8-4BE6-A516-9628DC4B018C}
		{E66AE267-6A27-48A6-89C4-F552132B3C0A} = {0FDA52EB-CA35-4854-9ABE-C1E8311DC95E}
		{F6F5CA98-B696-463C-8129-42C8706A3AE1} = {248D2855-D7AC-4AAC-943B-6C488428E999}
		{02EFF20D-CCF6-4E7F-96F6-3F58E9D5B2C6} = {0FDA52EB-CA35-4854-9ABE-C1E8311DC95E}
		{9C69F911-08D8-4B10-8731-4DEC9ADA045C} = {0FDA52EB-CA35-4854-9ABE-C1E8311DC95E}
		{3365DC57-AC2A-4148-ACF6-1382E5CC5DAC} = {0FDA52EB-CA35-4854-9ABE-C1E8311DC95E}
		{58F7CE66-F0F6-4645-93D6-F96A5AC6E7C9} = {BCDE3AC5-B79C-4BC0-8795-324A096322F4}
		{9A6EEAC0-24B9-45FB-9DAB-EAE5B07FD39D} = {21B42F6C-1CA3-4D02-8002-F753FEBC820F}
		{4B295FB9-7475-423F-BF35-0B0E3975F23D} = {28189F1D-A45A-4BF9-B81F-CB0FA38FAA53}
		{589B311F-E241-44D6-9EA1-9D112C9E42DA} = {28189F1D-A45A-4BF9-B81F-CB0FA38FAA53}
		{BBBFF43F-5C2A-47E2-9691-9863028A22A7} = {28189F1D-A45A-4BF9-B81F-CB0FA38FAA53}
		{86ED5C58-56DF-41E2-B92F-A0B0BCA8BEA8} = {28189F1D-A45A-4BF9-B81F-CB0FA38FAA53}
	EndGlobalSection
	GlobalSection(ExtensibilityGlobals) = postSolution
		SolutionGuid = {070C468E-7097-477B-BEAC-481FDDFCA189}
	EndGlobalSection
EndGlobal
